// !$*UTF8*$!
{
	archiveVersion = 1;
	classes = {
	};
	objectVersion = 50;
	objects = {

/* Begin PBXBuildFile section */
		25DD84092279C9C0009928BA /* AppDelegate.swift in Sources */ = {isa = PBXBuildFile; fileRef = 25DD84082279C9C0009928BA /* AppDelegate.swift */; };
		25DD840B2279C9C0009928BA /* ViewController.swift in Sources */ = {isa = PBXBuildFile; fileRef = 25DD840A2279C9C0009928BA /* ViewController.swift */; };
		25DD840E2279C9C0009928BA /* Main.storyboard in Resources */ = {isa = PBXBuildFile; fileRef = 25DD840C2279C9C0009928BA /* Main.storyboard */; };
		25DD84102279C9C1009928BA /* Assets.xcassets in Resources */ = {isa = PBXBuildFile; fileRef = 25DD840F2279C9C1009928BA /* Assets.xcassets */; };
		25DD84132279C9C1009928BA /* LaunchScreen.storyboard in Resources */ = {isa = PBXBuildFile; fileRef = 25DD84112279C9C1009928BA /* LaunchScreen.storyboard */; };
		25DD841E2279C9C2009928BA /* lab_About_MeTests.swift in Sources */ = {isa = PBXBuildFile; fileRef = 25DD841D2279C9C2009928BA /* lab_About_MeTests.swift */; };
		25DD84292279C9C2009928BA /* lab_About_MeUITests.swift in Sources */ = {isa = PBXBuildFile; fileRef = 25DD84282279C9C2009928BA /* lab_About_MeUITests.swift */; };
/* End PBXBuildFile section */

/* Begin PBXContainerItemProxy section */
		25DD841A2279C9C2009928BA /* PBXContainerItemProxy */ = {
			isa = PBXContainerItemProxy;
			containerPortal = 25DD83FD2279C9C0009928BA /* Project object */;
			proxyType = 1;
			remoteGlobalIDString = 25DD84042279C9C0009928BA;
			remoteInfo = "lab_About Me";
		};
		25DD84252279C9C2009928BA /* PBXContainerItemProxy */ = {
			isa = PBXContainerItemProxy;
			containerPortal = 25DD83FD2279C9C0009928BA /* Project object */;
			proxyType = 1;
			remoteGlobalIDString = 25DD84042279C9C0009928BA;
			remoteInfo = "lab_About Me";
		};
/* End PBXContainerItemProxy section */

/* Begin PBXFileReference section */
		25DD84052279C9C0009928BA /* lab_About Me.app */ = {isa = PBXFileReference; explicitFileType = wrapper.application; includeInIndex = 0; path = "lab_About Me.app"; sourceTree = BUILT_PRODUCTS_DIR; };
		25DD84082279C9C0009928BA /* AppDelegate.swift */ = {isa = PBXFileReference; lastKnownFileType = sourcecode.swift; path = AppDelegate.swift; sourceTree = "<group>"; };
		25DD840A2279C9C0009928BA /* ViewController.swift */ = {isa = PBXFileReference; lastKnownFileType = sourcecode.swift; path = ViewController.swift; sourceTree = "<group>"; };
		25DD840D2279C9C0009928BA /* Base */ = {isa = PBXFileReference; lastKnownFileType = file.storyboard; name = Base; path = Base.lproj/Main.storyboard; sourceTree = "<group>"; };
		25DD840F2279C9C1009928BA /* Assets.xcassets */ = {isa = PBXFileReference; lastKnownFileType = folder.assetcatalog; path = Assets.xcassets; sourceTree = "<group>"; };
		25DD84122279C9C1009928BA /* Base */ = {isa = PBXFileReference; lastKnownFileType = file.storyboard; name = Base; path = Base.lproj/LaunchScreen.storyboard; sourceTree = "<group>"; };
		25DD84142279C9C2009928BA /* Info.plist */ = {isa = PBXFileReference; lastKnownFileType = text.plist.xml; path = Info.plist; sourceTree = "<group>"; };
		25DD84192279C9C2009928BA /* lab_About MeTests.xctest */ = {isa = PBXFileReference; explicitFileType = wrapper.cfbundle; includeInIndex = 0; path = "lab_About MeTests.xctest"; sourceTree = BUILT_PRODUCTS_DIR; };
		25DD841D2279C9C2009928BA /* lab_About_MeTests.swift */ = {isa = PBXFileReference; lastKnownFileType = sourcecode.swift; path = lab_About_MeTests.swift; sourceTree = "<group>"; };
		25DD841F2279C9C2009928BA /* Info.plist */ = {isa = PBXFileReference; lastKnownFileType = text.plist.xml; path = Info.plist; sourceTree = "<group>"; };
		25DD84242279C9C2009928BA /* lab_About MeUITests.xctest */ = {isa = PBXFileReference; explicitFileType = wrapper.cfbundle; includeInIndex = 0; path = "lab_About MeUITests.xctest"; sourceTree = BUILT_PRODUCTS_DIR; };
		25DD84282279C9C2009928BA /* lab_About_MeUITests.swift */ = {isa = PBXFileReference; lastKnownFileType = sourcecode.swift; path = lab_About_MeUITests.swift; sourceTree = "<group>"; };
		25DD842A2279C9C2009928BA /* Info.plist */ = {isa = PBXFileReference; lastKnownFileType = text.plist.xml; path = Info.plist; sourceTree = "<group>"; };
/* End PBXFileReference section */

/* Begin PBXFrameworksBuildPhase section */
		25DD84022279C9C0009928BA /* Frameworks */ = {
			isa = PBXFrameworksBuildPhase;
			buildActionMask = 2147483647;
			files = (
			);
			runOnlyForDeploymentPostprocessing = 0;
		};
		25DD84162279C9C2009928BA /* Frameworks */ = {
			isa = PBXFrameworksBuildPhase;
			buildActionMask = 2147483647;
			files = (
			);
			runOnlyForDeploymentPostprocessing = 0;
		};
		25DD84212279C9C2009928BA /* Frameworks */ = {
			isa = PBXFrameworksBuildPhase;
			buildActionMask = 2147483647;
			files = (
			);
			runOnlyForDeploymentPostprocessing = 0;
		};
/* End PBXFrameworksBuildPhase section */

/* Begin PBXGroup section */
		25DD83FC2279C9C0009928BA = {
			isa = PBXGroup;
			children = (
				25DD84072279C9C0009928BA /* lab_About Me */,
				25DD841C2279C9C2009928BA /* lab_About MeTests */,
				25DD84272279C9C2009928BA /* lab_About MeUITests */,
				25DD84062279C9C0009928BA /* Products */,
			);
			sourceTree = "<group>";
		};
		25DD84062279C9C0009928BA /* Products */ = {
			isa = PBXGroup;
			children = (
				25DD84052279C9C0009928BA /* lab_About Me.app */,
				25DD84192279C9C2009928BA /* lab_About MeTests.xctest */,
				25DD84242279C9C2009928BA /* lab_About MeUITests.xctest */,
			);
			name = Products;
			sourceTree = "<group>";
		};
		25DD84072279C9C0009928BA /* lab_About Me */ = {
			isa = PBXGroup;
			children = (
				25DD84082279C9C0009928BA /* AppDelegate.swift */,
				25DD840A2279C9C0009928BA /* ViewController.swift */,
				25DD840C2279C9C0009928BA /* Main.storyboard */,
				25DD840F2279C9C1009928BA /* Assets.xcassets */,
				25DD84112279C9C1009928BA /* LaunchScreen.storyboard */,
				25DD84142279C9C2009928BA /* Info.plist */,
			);
			path = "lab_About Me";
			sourceTree = "<group>";
		};
		25DD841C2279C9C2009928BA /* lab_About MeTests */ = {
			isa = PBXGroup;
			children = (
				25DD841D2279C9C2009928BA /* lab_About_MeTests.swift */,
				25DD841F2279C9C2009928BA /* Info.plist */,
			);
			path = "lab_About MeTests";
			sourceTree = "<group>";
		};
		25DD84272279C9C2009928BA /* lab_About MeUITests */ = {
			isa = PBXGroup;
			children = (
				25DD84282279C9C2009928BA /* lab_About_MeUITests.swift */,
				25DD842A2279C9C2009928BA /* Info.plist */,
			);
			path = "lab_About MeUITests";
			sourceTree = "<group>";
		};
/* End PBXGroup section */

/* Begin PBXNativeTarget section */
		25DD84042279C9C0009928BA /* lab_About Me */ = {
			isa = PBXNativeTarget;
			buildConfigurationList = 25DD842D2279C9C2009928BA /* Build configuration list for PBXNativeTarget "lab_About Me" */;
			buildPhases = (
				25DD84012279C9C0009928BA /* Sources */,
				25DD84022279C9C0009928BA /* Frameworks */,
				25DD84032279C9C0009928BA /* Resources */,
			);
			buildRules = (
			);
			dependencies = (
			);
			name = "lab_About Me";
			productName = "lab_About Me";
			productReference = 25DD84052279C9C0009928BA /* lab_About Me.app */;
			productType = "com.apple.product-type.application";
		};
		25DD84182279C9C2009928BA /* lab_About MeTests */ = {
			isa = PBXNativeTarget;
			buildConfigurationList = 25DD84302279C9C2009928BA /* Build configuration list for PBXNativeTarget "lab_About MeTests" */;
			buildPhases = (
				25DD84152279C9C2009928BA /* Sources */,
				25DD84162279C9C2009928BA /* Frameworks */,
				25DD84172279C9C2009928BA /* Resources */,
			);
			buildRules = (
			);
			dependencies = (
				25DD841B2279C9C2009928BA /* PBXTargetDependency */,
			);
			name = "lab_About MeTests";
			productName = "lab_About MeTests";
			productReference = 25DD84192279C9C2009928BA /* lab_About MeTests.xctest */;
			productType = "com.apple.product-type.bundle.unit-test";
		};
		25DD84232279C9C2009928BA /* lab_About MeUITests */ = {
			isa = PBXNativeTarget;
			buildConfigurationList = 25DD84332279C9C2009928BA /* Build configuration list for PBXNativeTarget "lab_About MeUITests" */;
			buildPhases = (
				25DD84202279C9C2009928BA /* Sources */,
				25DD84212279C9C2009928BA /* Frameworks */,
				25DD84222279C9C2009928BA /* Resources */,
			);
			buildRules = (
			);
			dependencies = (
				25DD84262279C9C2009928BA /* PBXTargetDependency */,
			);
			name = "lab_About MeUITests";
			productName = "lab_About MeUITests";
			productReference = 25DD84242279C9C2009928BA /* lab_About MeUITests.xctest */;
			productType = "com.apple.product-type.bundle.ui-testing";
		};
/* End PBXNativeTarget section */

/* Begin PBXProject section */
		25DD83FD2279C9C0009928BA /* Project object */ = {
			isa = PBXProject;
			attributes = {
				LastSwiftUpdateCheck = 1010;
				LastUpgradeCheck = 1010;
				ORGANIZATIONNAME = Thenea;
				TargetAttributes = {
					25DD84042279C9C0009928BA = {
						CreatedOnToolsVersion = 10.1;
					};
					25DD84182279C9C2009928BA = {
						CreatedOnToolsVersion = 10.1;
						TestTargetID = 25DD84042279C9C0009928BA;
					};
					25DD84232279C9C2009928BA = {
						CreatedOnToolsVersion = 10.1;
						TestTargetID = 25DD84042279C9C0009928BA;
					};
				};
			};
			buildConfigurationList = 25DD84002279C9C0009928BA /* Build configuration list for PBXProject "lab_About Me" */;
			compatibilityVersion = "Xcode 9.3";
			developmentRegion = en;
			hasScannedForEncodings = 0;
			knownRegions = (
				en,
				Base,
			);
			mainGroup = 25DD83FC2279C9C0009928BA;
			productRefGroup = 25DD84062279C9C0009928BA /* Products */;
			projectDirPath = "";
			projectRoot = "";
			targets = (
				25DD84042279C9C0009928BA /* lab_About Me */,
				25DD84182279C9C2009928BA /* lab_About MeTests */,
				25DD84232279C9C2009928BA /* lab_About MeUITests */,
			);
		};
/* End PBXProject section */

/* Begin PBXResourcesBuildPhase section */
		25DD84032279C9C0009928BA /* Resources */ = {
			isa = PBXResourcesBuildPhase;
			buildActionMask = 2147483647;
			files = (
				25DD84132279C9C1009928BA /* LaunchScreen.storyboard in Resources */,
				25DD84102279C9C1009928BA /* Assets.xcassets in Resources */,
				25DD840E2279C9C0009928BA /* Main.storyboard in Resources */,
			);
			runOnlyForDeploymentPostprocessing = 0;
		};
		25DD84172279C9C2009928BA /* Resources */ = {
			isa = PBXResourcesBuildPhase;
			buildActionMask = 2147483647;
			files = (
			);
			runOnlyForDeploymentPostprocessing = 0;
		};
		25DD84222279C9C2009928BA /* Resources */ = {
			isa = PBXResourcesBuildPhase;
			buildActionMask = 2147483647;
			files = (
			);
			runOnlyForDeploymentPostprocessing = 0;
		};
/* End PBXResourcesBuildPhase section */

/* Begin PBXSourcesBuildPhase section */
		25DD84012279C9C0009928BA /* Sources */ = {
			isa = PBXSourcesBuildPhase;
			buildActionMask = 2147483647;
			files = (
				25DD840B2279C9C0009928BA /* ViewController.swift in Sources */,
				25DD84092279C9C0009928BA /* AppDelegate.swift in Sources */,
			);
			runOnlyForDeploymentPostprocessing = 0;
		};
		25DD84152279C9C2009928BA /* Sources */ = {
			isa = PBXSourcesBuildPhase;
			buildActionMask = 2147483647;
			files = (
				25DD841E2279C9C2009928BA /* lab_About_MeTests.swift in Sources */,
			);
			runOnlyForDeploymentPostprocessing = 0;
		};
		25DD84202279C9C2009928BA /* Sources */ = {
			isa = PBXSourcesBuildPhase;
			buildActionMask = 2147483647;
			files = (
				25DD84292279C9C2009928BA /* lab_About_MeUITests.swift in Sources */,
			);
			runOnlyForDeploymentPostprocessing = 0;
		};
/* End PBXSourcesBuildPhase section */

/* Begin PBXTargetDependency section */
		25DD841B2279C9C2009928BA /* PBXTargetDependency */ = {
			isa = PBXTargetDependency;
			target = 25DD84042279C9C0009928BA /* lab_About Me */;
			targetProxy = 25DD841A2279C9C2009928BA /* PBXContainerItemProxy */;
		};
		25DD84262279C9C2009928BA /* PBXTargetDependency */ = {
			isa = PBXTargetDependency;
			target = 25DD84042279C9C0009928BA /* lab_About Me */;
			targetProxy = 25DD84252279C9C2009928BA /* PBXContainerItemProxy */;
		};
/* End PBXTargetDependency section */

/* Begin PBXVariantGroup section */
		25DD840C2279C9C0009928BA /* Main.storyboard */ = {
			isa = PBXVariantGroup;
			children = (
				25DD840D2279C9C0009928BA /* Base */,
			);
			name = Main.storyboard;
			sourceTree = "<group>";
		};
		25DD84112279C9C1009928BA /* LaunchScreen.storyboard */ = {
			isa = PBXVariantGroup;
			children = (
				25DD84122279C9C1009928BA /* Base */,
			);
			name = LaunchScreen.storyboard;
			sourceTree = "<group>";
		};
/* End PBXVariantGroup section */

/* Begin XCBuildConfiguration section */
		25DD842B2279C9C2009928BA /* Debug */ = {
			isa = XCBuildConfiguration;
			buildSettings = {
				ALWAYS_SEARCH_USER_PATHS = NO;
				CLANG_ANALYZER_NONNULL = YES;
				CLANG_ANALYZER_NUMBER_OBJECT_CONVERSION = YES_AGGRESSIVE;
				CLANG_CXX_LANGUAGE_STANDARD = "gnu++14";
				CLANG_CXX_LIBRARY = "libc++";
				CLANG_ENABLE_MODULES = YES;
				CLANG_ENABLE_OBJC_ARC = YES;
				CLANG_ENABLE_OBJC_WEAK = YES;
				CLANG_WARN_BLOCK_CAPTURE_AUTORELEASING = YES;
				CLANG_WARN_BOOL_CONVERSION = YES;
				CLANG_WARN_COMMA = YES;
				CLANG_WARN_CONSTANT_CONVERSION = YES;
				CLANG_WARN_DEPRECATED_OBJC_IMPLEMENTATIONS = YES;
				CLANG_WARN_DIRECT_OBJC_ISA_USAGE = YES_ERROR;
				CLANG_WARN_DOCUMENTATION_COMMENTS = YES;
				CLANG_WARN_EMPTY_BODY = YES;
				CLANG_WARN_ENUM_CONVERSION = YES;
				CLANG_WARN_INFINITE_RECURSION = YES;
				CLANG_WARN_INT_CONVERSION = YES;
				CLANG_WARN_NON_LITERAL_NULL_CONVERSION = YES;
				CLANG_WARN_OBJC_IMPLICIT_RETAIN_SELF = YES;
				CLANG_WARN_OBJC_LITERAL_CONVERSION = YES;
				CLANG_WARN_OBJC_ROOT_CLASS = YES_ERROR;
				CLANG_WARN_RANGE_LOOP_ANALYSIS = YES;
				CLANG_WARN_STRICT_PROTOTYPES = YES;
				CLANG_WARN_SUSPICIOUS_MOVE = YES;
				CLANG_WARN_UNGUARDED_AVAILABILITY = YES_AGGRESSIVE;
				CLANG_WARN_UNREACHABLE_CODE = YES;
				CLANG_WARN__DUPLICATE_METHOD_MATCH = YES;
				CODE_SIGN_IDENTITY = "iPhone Developer";
				COPY_PHASE_STRIP = NO;
				DEBUG_INFORMATION_FORMAT = dwarf;
				ENABLE_STRICT_OBJC_MSGSEND = YES;
				ENABLE_TESTABILITY = YES;
				GCC_C_LANGUAGE_STANDARD = gnu11;
				GCC_DYNAMIC_NO_PIC = NO;
				GCC_NO_COMMON_BLOCKS = YES;
				GCC_OPTIMIZATION_LEVEL = 0;
				GCC_PREPROCESSOR_DEFINITIONS = (
					"DEBUG=1",
					"$(inherited)",
				);
				GCC_WARN_64_TO_32_BIT_CONVERSION = YES;
				GCC_WARN_ABOUT_RETURN_TYPE = YES_ERROR;
				GCC_WARN_UNDECLARED_SELECTOR = YES;
				GCC_WARN_UNINITIALIZED_AUTOS = YES_AGGRESSIVE;
				GCC_WARN_UNUSED_FUNCTION = YES;
				GCC_WARN_UNUSED_VARIABLE = YES;
				IPHONEOS_DEPLOYMENT_TARGET = 12.1;
				MTL_ENABLE_DEBUG_INFO = INCLUDE_SOURCE;
				MTL_FAST_MATH = YES;
				ONLY_ACTIVE_ARCH = YES;
				SDKROOT = iphoneos;
				SWIFT_ACTIVE_COMPILATION_CONDITIONS = DEBUG;
				SWIFT_OPTIMIZATION_LEVEL = "-Onone";
			};
			name = Debug;
		};
		25DD842C2279C9C2009928BA /* Release */ = {
			isa = XCBuildConfiguration;
			buildSettings = {
				ALWAYS_SEARCH_USER_PATHS = NO;
				CLANG_ANALYZER_NONNULL = YES;
				CLANG_ANALYZER_NUMBER_OBJECT_CONVERSION = YES_AGGRESSIVE;
				CLANG_CXX_LANGUAGE_STANDARD = "gnu++14";
				CLANG_CXX_LIBRARY = "libc++";
				CLANG_ENABLE_MODULES = YES;
				CLANG_ENABLE_OBJC_ARC = YES;
				CLANG_ENABLE_OBJC_WEAK = YES;
				CLANG_WARN_BLOCK_CAPTURE_AUTORELEASING = YES;
				CLANG_WARN_BOOL_CONVERSION = YES;
				CLANG_WARN_COMMA = YES;
				CLANG_WARN_CONSTANT_CONVERSION = YES;
				CLANG_WARN_DEPRECATED_OBJC_IMPLEMENTATIONS = YES;
				CLANG_WARN_DIRECT_OBJC_ISA_USAGE = YES_ERROR;
				CLANG_WARN_DOCUMENTATION_COMMENTS = YES;
				CLANG_WARN_EMPTY_BODY = YES;
				CLANG_WARN_ENUM_CONVERSION = YES;
				CLANG_WARN_INFINITE_RECURSION = YES;
				CLANG_WARN_INT_CONVERSION = YES;
				CLANG_WARN_NON_LITERAL_NULL_CONVERSION = YES;
				CLANG_WARN_OBJC_IMPLICIT_RETAIN_SELF = YES;
				CLANG_WARN_OBJC_LITERAL_CONVERSION = YES;
				CLANG_WARN_OBJC_ROOT_CLASS = YES_ERROR;
				CLANG_WARN_RANGE_LOOP_ANALYSIS = YES;
				CLANG_WARN_STRICT_PROTOTYPES = YES;
				CLANG_WARN_SUSPICIOUS_MOVE = YES;
				CLANG_WARN_UNGUARDED_AVAILABILITY = YES_AGGRESSIVE;
				CLANG_WARN_UNREACHABLE_CODE = YES;
				CLANG_WARN__DUPLICATE_METHOD_MATCH = YES;
				CODE_SIGN_IDENTITY = "iPhone Developer";
				COPY_PHASE_STRIP = NO;
				DEBUG_INFORMATION_FORMAT = "dwarf-with-dsym";
				ENABLE_NS_ASSERTIONS = NO;
				ENABLE_STRICT_OBJC_MSGSEND = YES;
				GCC_C_LANGUAGE_STANDARD = gnu11;
				GCC_NO_COMMON_BLOCKS = YES;
				GCC_WARN_64_TO_32_BIT_CONVERSION = YES;
				GCC_WARN_ABOUT_RETURN_TYPE = YES_ERROR;
				GCC_WARN_UNDECLARED_SELECTOR = YES;
				GCC_WARN_UNINITIALIZED_AUTOS = YES_AGGRESSIVE;
				GCC_WARN_UNUSED_FUNCTION = YES;
				GCC_WARN_UNUSED_VARIABLE = YES;
				IPHONEOS_DEPLOYMENT_TARGET = 12.1;
				MTL_ENABLE_DEBUG_INFO = NO;
				MTL_FAST_MATH = YES;
				SDKROOT = iphoneos;
				SWIFT_COMPILATION_MODE = wholemodule;
				SWIFT_OPTIMIZATION_LEVEL = "-O";
				VALIDATE_PRODUCT = YES;
			};
			name = Release;
		};
		25DD842E2279C9C2009928BA /* Debug */ = {
			isa = XCBuildConfiguration;
			buildSettings = {
				ASSETCATALOG_COMPILER_APPICON_NAME = AppIcon;
				CODE_SIGN_STYLE = Automatic;
				INFOPLIST_FILE = "lab_About Me/Info.plist";
				LD_RUNPATH_SEARCH_PATHS = (
					"$(inherited)",
					"@executable_path/Frameworks",
				);
				PRODUCT_BUNDLE_IDENTIFIER = "org.ssfs.lab-About-Me";
				PRODUCT_NAME = "$(TARGET_NAME)";
				SWIFT_VERSION = 4.2;
				TARGETED_DEVICE_FAMILY = "1,2";
			};
			name = Debug;
		};
		25DD842F2279C9C2009928BA /* Release */ = {
			isa = XCBuildConfiguration;
			buildSettings = {
				ASSETCATALOG_COMPILER_APPICON_NAME = AppIcon;
				CODE_SIGN_STYLE = Automatic;
				INFOPLIST_FILE = "lab_About Me/Info.plist";
				LD_RUNPATH_SEARCH_PATHS = (
					"$(inherited)",
					"@executable_path/Frameworks",
				);
				PRODUCT_BUNDLE_IDENTIFIER = "org.ssfs.lab-About-Me";
				PRODUCT_NAME = "$(TARGET_NAME)";
				SWIFT_VERSION = 4.2;
				TARGETED_DEVICE_FAMILY = "1,2";
			};
			name = Release;
		};
		25DD84312279C9C2009928BA /* Debug */ = {
			isa = XCBuildConfiguration;
			buildSettings = {
				ALWAYS_EMBED_SWIFT_STANDARD_LIBRARIES = YES;
				BUNDLE_LOADER = "$(TEST_HOST)";
				CODE_SIGN_STYLE = Automatic;
				INFOPLIST_FILE = "lab_About MeTests/Info.plist";
				LD_RUNPATH_SEARCH_PATHS = (
					"$(inherited)",
					"@executable_path/Frameworks",
					"@loader_path/Frameworks",
				);
				PRODUCT_BUNDLE_IDENTIFIER = "org.ssfs.lab-About-MeTests";
				PRODUCT_NAME = "$(TARGET_NAME)";
				SWIFT_VERSION = 4.2;
				TARGETED_DEVICE_FAMILY = "1,2";
				TEST_HOST = "$(BUILT_PRODUCTS_DIR)/lab_About Me.app/lab_About Me";
			};
			name = Debug;
		};
		25DD84322279C9C2009928BA /* Release */ = {
			isa = XCBuildConfiguration;
			buildSettings = {
				ALWAYS_EMBED_SWIFT_STANDARD_LIBRARIES = YES;
				BUNDLE_LOADER = "$(TEST_HOST)";
				CODE_SIGN_STYLE = Automatic;
				INFOPLIST_FILE = "lab_About MeTests/Info.plist";
				LD_RUNPATH_SEARCH_PATHS = (
					"$(inherited)",
					"@executable_path/Frameworks",
					"@loader_path/Frameworks",
				);
				PRODUCT_BUNDLE_IDENTIFIER = "org.ssfs.lab-About-MeTests";
				PRODUCT_NAME = "$(TARGET_NAME)";
				SWIFT_VERSION = 4.2;
				TARGETED_DEVICE_FAMILY = "1,2";
				TEST_HOST = "$(BUILT_PRODUCTS_DIR)/lab_About Me.app/lab_About Me";
			};
			name = Release;
		};
		25DD84342279C9C2009928BA /* Debug */ = {
			isa = XCBuildConfiguration;
			buildSettings = {
				ALWAYS_EMBED_SWIFT_STANDARD_LIBRARIES = YES;
				CODE_SIGN_STYLE = Automatic;
				INFOPLIST_FILE = "lab_About MeUITests/Info.plist";
				LD_RUNPATH_SEARCH_PATHS = (
					"$(inherited)",
					"@executable_path/Frameworks",
					"@loader_path/Frameworks",
				);
				PRODUCT_BUNDLE_IDENTIFIER = "org.ssfs.lab-About-MeUITests";
				PRODUCT_NAME = "$(TARGET_NAME)";
				SWIFT_VERSION = 4.2;
				TARGETED_DEVICE_FAMILY = "1,2";
				TEST_TARGET_NAME = "lab_About Me";
			};
			name = Debug;
		};
		25DD84352279C9C2009928BA /* Release */ = {
			isa = XCBuildConfiguration;
			buildSettings = {
				ALWAYS_EMBED_SWIFT_STANDARD_LIBRARIES = YES;
				CODE_SIGN_STYLE = Automatic;
				INFOPLIST_FILE = "lab_About MeUITests/Info.plist";
				LD_RUNPATH_SEARCH_PATHS = (
					"$(inherited)",
					"@executable_path/Frameworks",
					"@loader_path/Frameworks",
				);
				PRODUCT_BUNDLE_IDENTIFIER = "org.ssfs.lab-About-MeUITests";
				PRODUCT_NAME = "$(TARGET_NAME)";
				SWIFT_VERSION = 4.2;
				TARGETED_DEVICE_FAMILY = "1,2";
				TEST_TARGET_NAME = "lab_About Me";
			};
			name = Release;
		};
/* End XCBuildConfiguration section */

/* Begin XCConfigurationList section */
		25DD84002279C9C0009928BA /* Build configuration list for PBXProject "lab_About Me" */ = {
			isa = XCConfigurationList;
			buildConfigurations = (
				25DD842B2279C9C2009928BA /* Debug */,
				25DD842C2279C9C2009928BA /* Release */,
			);
			defaultConfigurationIsVisible = 0;
			defaultConfigurationName = Release;
		};
		25DD842D2279C9C2009928BA /* Build configuration list for PBXNativeTarget "lab_About Me" */ = {
			isa = XCConfigurationList;
			buildConfigurations = (
				25DD842E2279C9C2009928BA /* Debug */,
				25DD842F2279C9C2009928BA /* Release */,
			);
			defaultConfigurationIsVisible = 0;
			defaultConfigurationName = Release;
		};
		25DD84302279C9C2009928BA /* Build configuration list for PBXNativeTarget "lab_About MeTests" */ = {
			isa = XCConfigurationList;
			buildConfigurations = (
				25DD84312279C9C2009928BA /* Debug */,
				25DD84322279C9C2009928BA /* Release */,
			);
			defaultConfigurationIsVisible = 0;
			defaultConfigurationName = Release;
		};
		25DD84332279C9C2009928BA /* Build configuration list for PBXNativeTarget "lab_About MeUITests" */ = {
			isa = XCConfigurationList;
			buildConfigurations = (
				25DD84342279C9C2009928BA /* Debug */,
				25DD84352279C9C2009928BA /* Release */,
			);
			defaultConfigurationIsVisible = 0;
			defaultConfigurationName = Release;
		};
/* End XCConfigurationList section */
	};
	rootObject = 25DD83FD2279C9C0009928BA /* Project object */;
}
